// !$*UTF8*$!
{
	archiveVersion = 1;
	classes = {
	};
	objectVersion = 50;
	objects = {

/* Begin PBXBuildFile section */
		518BCFBB2474BC8A00860CEE /* AppDelegate.swift in Sources */ = {isa = PBXBuildFile; fileRef = 518BCFBA2474BC8A00860CEE /* AppDelegate.swift */; };
		518BCFBD2474BC8A00860CEE /* SceneDelegate.swift in Sources */ = {isa = PBXBuildFile; fileRef = 518BCFBC2474BC8A00860CEE /* SceneDelegate.swift */; };
		518BCFBF2474BC8A00860CEE /* ViewController.swift in Sources */ = {isa = PBXBuildFile; fileRef = 518BCFBE2474BC8A00860CEE /* ViewController.swift */; };
		518BCFC22474BC8A00860CEE /* Main.storyboard in Resources */ = {isa = PBXBuildFile; fileRef = 518BCFC02474BC8A00860CEE /* Main.storyboard */; };
		518BCFC42474BC8D00860CEE /* Assets.xcassets in Resources */ = {isa = PBXBuildFile; fileRef = 518BCFC32474BC8D00860CEE /* Assets.xcassets */; };
		518BCFC72474BC8D00860CEE /* LaunchScreen.storyboard in Resources */ = {isa = PBXBuildFile; fileRef = 518BCFC52474BC8D00860CEE /* LaunchScreen.storyboard */; };
		518BCFFB2474BEBD00860CEE /* frame_25_delay-0.04s.gif in Resources */ = {isa = PBXBuildFile; fileRef = 518BCFCF2474BEB900860CEE /* frame_25_delay-0.04s.gif */; };
		518BCFFC2474BEBD00860CEE /* frame_26_delay-0.04s.gif in Resources */ = {isa = PBXBuildFile; fileRef = 518BCFD02474BEB900860CEE /* frame_26_delay-0.04s.gif */; };
		518BCFFD2474BEBD00860CEE /* frame_40_delay-0.04s.gif in Resources */ = {isa = PBXBuildFile; fileRef = 518BCFD12474BEB900860CEE /* frame_40_delay-0.04s.gif */; };
		518BCFFE2474BEBD00860CEE /* frame_41_delay-0.04s.gif in Resources */ = {isa = PBXBuildFile; fileRef = 518BCFD22474BEB900860CEE /* frame_41_delay-0.04s.gif */; };
		518BCFFF2474BEBD00860CEE /* frame_35_delay-0.04s.gif in Resources */ = {isa = PBXBuildFile; fileRef = 518BCFD32474BEB900860CEE /* frame_35_delay-0.04s.gif */; };
		518BD0002474BEBD00860CEE /* frame_02_delay-0.04s.gif in Resources */ = {isa = PBXBuildFile; fileRef = 518BCFD42474BEB900860CEE /* frame_02_delay-0.04s.gif */; };
		518BD0012474BEBD00860CEE /* frame_04_delay-0.04s.gif in Resources */ = {isa = PBXBuildFile; fileRef = 518BCFD52474BEB900860CEE /* frame_04_delay-0.04s.gif */; };
		518BD0022474BEBD00860CEE /* frame_29_delay-0.04s.gif in Resources */ = {isa = PBXBuildFile; fileRef = 518BCFD62474BEB900860CEE /* frame_29_delay-0.04s.gif */; };
		518BD0032474BEBD00860CEE /* frame_39_delay-0.04s.gif in Resources */ = {isa = PBXBuildFile; fileRef = 518BCFD72474BEBA00860CEE /* frame_39_delay-0.04s.gif */; };
		518BD0042474BEBD00860CEE /* frame_05_delay-0.04s.gif in Resources */ = {isa = PBXBuildFile; fileRef = 518BCFD82474BEBA00860CEE /* frame_05_delay-0.04s.gif */; };
		518BD0052474BEBD00860CEE /* frame_34_delay-0.04s.gif in Resources */ = {isa = PBXBuildFile; fileRef = 518BCFD92474BEBA00860CEE /* frame_34_delay-0.04s.gif */; };
		518BD0062474BEBD00860CEE /* frame_43_delay-0.04s.gif in Resources */ = {isa = PBXBuildFile; fileRef = 518BCFDA2474BEBA00860CEE /* frame_43_delay-0.04s.gif */; };
		518BD0072474BEBD00860CEE /* frame_14_delay-0.04s.gif in Resources */ = {isa = PBXBuildFile; fileRef = 518BCFDB2474BEBA00860CEE /* frame_14_delay-0.04s.gif */; };
		518BD0082474BEBD00860CEE /* frame_33_delay-0.04s.gif in Resources */ = {isa = PBXBuildFile; fileRef = 518BCFDC2474BEBA00860CEE /* frame_33_delay-0.04s.gif */; };
		518BD0092474BEBD00860CEE /* frame_27_delay-0.04s.gif in Resources */ = {isa = PBXBuildFile; fileRef = 518BCFDD2474BEBA00860CEE /* frame_27_delay-0.04s.gif */; };
		518BD00A2474BEBD00860CEE /* frame_28_delay-0.04s.gif in Resources */ = {isa = PBXBuildFile; fileRef = 518BCFDE2474BEBA00860CEE /* frame_28_delay-0.04s.gif */; };
		518BD00B2474BEBD00860CEE /* frame_23_delay-0.04s.gif in Resources */ = {isa = PBXBuildFile; fileRef = 518BCFDF2474BEBA00860CEE /* frame_23_delay-0.04s.gif */; };
		518BD00C2474BEBD00860CEE /* frame_31_delay-0.04s.gif in Resources */ = {isa = PBXBuildFile; fileRef = 518BCFE02474BEBA00860CEE /* frame_31_delay-0.04s.gif */; };
		518BD00D2474BEBD00860CEE /* frame_18_delay-0.04s.gif in Resources */ = {isa = PBXBuildFile; fileRef = 518BCFE12474BEBA00860CEE /* frame_18_delay-0.04s.gif */; };
		518BD00E2474BEBD00860CEE /* frame_24_delay-0.04s.gif in Resources */ = {isa = PBXBuildFile; fileRef = 518BCFE22474BEBA00860CEE /* frame_24_delay-0.04s.gif */; };
		518BD00F2474BEBD00860CEE /* frame_19_delay-0.04s.gif in Resources */ = {isa = PBXBuildFile; fileRef = 518BCFE32474BEBA00860CEE /* frame_19_delay-0.04s.gif */; };
		518BD0102474BEBD00860CEE /* frame_06_delay-0.04s.gif in Resources */ = {isa = PBXBuildFile; fileRef = 518BCFE42474BEBA00860CEE /* frame_06_delay-0.04s.gif */; };
		518BD0112474BEBD00860CEE /* frame_15_delay-0.04s.gif in Resources */ = {isa = PBXBuildFile; fileRef = 518BCFE52474BEBB00860CEE /* frame_15_delay-0.04s.gif */; };
		518BD0122474BEBD00860CEE /* frame_37_delay-0.04s.gif in Resources */ = {isa = PBXBuildFile; fileRef = 518BCFE62474BEBB00860CEE /* frame_37_delay-0.04s.gif */; };
		518BD0132474BEBD00860CEE /* frame_01_delay-0.04s.gif in Resources */ = {isa = PBXBuildFile; fileRef = 518BCFE72474BEBB00860CEE /* frame_01_delay-0.04s.gif */; };
		518BD0142474BEBD00860CEE /* frame_38_delay-0.04s.gif in Resources */ = {isa = PBXBuildFile; fileRef = 518BCFE82474BEBB00860CEE /* frame_38_delay-0.04s.gif */; };
		518BD0152474BEBD00860CEE /* frame_10_delay-0.04s.gif in Resources */ = {isa = PBXBuildFile; fileRef = 518BCFE92474BEBB00860CEE /* frame_10_delay-0.04s.gif */; };
		518BD0162474BEBD00860CEE /* frame_09_delay-0.04s.gif in Resources */ = {isa = PBXBuildFile; fileRef = 518BCFEA2474BEBB00860CEE /* frame_09_delay-0.04s.gif */; };
		518BD0172474BEBD00860CEE /* frame_07_delay-0.04s.gif in Resources */ = {isa = PBXBuildFile; fileRef = 518BCFEB2474BEBB00860CEE /* frame_07_delay-0.04s.gif */; };
		518BD0182474BEBD00860CEE /* frame_11_delay-0.04s.gif in Resources */ = {isa = PBXBuildFile; fileRef = 518BCFEC2474BEBB00860CEE /* frame_11_delay-0.04s.gif */; };
		518BD0192474BEBD00860CEE /* frame_17_delay-0.04s.gif in Resources */ = {isa = PBXBuildFile; fileRef = 518BCFED2474BEBB00860CEE /* frame_17_delay-0.04s.gif */; };
		518BD01A2474BEBD00860CEE /* frame_12_delay-0.04s.gif in Resources */ = {isa = PBXBuildFile; fileRef = 518BCFEE2474BEBB00860CEE /* frame_12_delay-0.04s.gif */; };
		518BD01B2474BEBD00860CEE /* frame_00_delay-0.04s.gif in Resources */ = {isa = PBXBuildFile; fileRef = 518BCFEF2474BEBB00860CEE /* frame_00_delay-0.04s.gif */; };
		518BD01C2474BEBD00860CEE /* frame_30_delay-0.04s.gif in Resources */ = {isa = PBXBuildFile; fileRef = 518BCFF02474BEBB00860CEE /* frame_30_delay-0.04s.gif */; };
		518BD01D2474BEBD00860CEE /* frame_36_delay-0.04s.gif in Resources */ = {isa = PBXBuildFile; fileRef = 518BCFF12474BEBC00860CEE /* frame_36_delay-0.04s.gif */; };
		518BD01E2474BEBD00860CEE /* frame_42_delay-0.04s.gif in Resources */ = {isa = PBXBuildFile; fileRef = 518BCFF22474BEBC00860CEE /* frame_42_delay-0.04s.gif */; };
		518BD01F2474BEBD00860CEE /* frame_16_delay-0.04s.gif in Resources */ = {isa = PBXBuildFile; fileRef = 518BCFF32474BEBC00860CEE /* frame_16_delay-0.04s.gif */; };
		518BD0202474BEBD00860CEE /* frame_03_delay-0.04s.gif in Resources */ = {isa = PBXBuildFile; fileRef = 518BCFF42474BEBC00860CEE /* frame_03_delay-0.04s.gif */; };
		518BD0212474BEBD00860CEE /* frame_08_delay-0.04s.gif in Resources */ = {isa = PBXBuildFile; fileRef = 518BCFF52474BEBC00860CEE /* frame_08_delay-0.04s.gif */; };
		518BD0222474BEBD00860CEE /* frame_21_delay-0.04s.gif in Resources */ = {isa = PBXBuildFile; fileRef = 518BCFF62474BEBC00860CEE /* frame_21_delay-0.04s.gif */; };
		518BD0232474BEBD00860CEE /* frame_22_delay-0.04s.gif in Resources */ = {isa = PBXBuildFile; fileRef = 518BCFF72474BEBC00860CEE /* frame_22_delay-0.04s.gif */; };
		518BD0242474BEBD00860CEE /* frame_32_delay-0.04s.gif in Resources */ = {isa = PBXBuildFile; fileRef = 518BCFF82474BEBC00860CEE /* frame_32_delay-0.04s.gif */; };
		518BD0252474BEBD00860CEE /* frame_13_delay-0.04s.gif in Resources */ = {isa = PBXBuildFile; fileRef = 518BCFF92474BEBC00860CEE /* frame_13_delay-0.04s.gif */; };
		518BD0262474BEBD00860CEE /* frame_20_delay-0.04s.gif in Resources */ = {isa = PBXBuildFile; fileRef = 518BCFFA2474BEBC00860CEE /* frame_20_delay-0.04s.gif */; };
/* End PBXBuildFile section */

/* Begin PBXFileReference section */
		518BCFB72474BC8A00860CEE /* Animation.app */ = {isa = PBXFileReference; explicitFileType = wrapper.application; includeInIndex = 0; path = Animation.app; sourceTree = BUILT_PRODUCTS_DIR; };
		518BCFBA2474BC8A00860CEE /* AppDelegate.swift */ = {isa = PBXFileReference; lastKnownFileType = sourcecode.swift; path = AppDelegate.swift; sourceTree = "<group>"; };
		518BCFBC2474BC8A00860CEE /* SceneDelegate.swift */ = {isa = PBXFileReference; lastKnownFileType = sourcecode.swift; path = SceneDelegate.swift; sourceTree = "<group>"; };
		518BCFBE2474BC8A00860CEE /* ViewController.swift */ = {isa = PBXFileReference; lastKnownFileType = sourcecode.swift; path = ViewController.swift; sourceTree = "<group>"; };
		518BCFC12474BC8A00860CEE /* Base */ = {isa = PBXFileReference; lastKnownFileType = file.storyboard; name = Base; path = Base.lproj/Main.storyboard; sourceTree = "<group>"; };
		518BCFC32474BC8D00860CEE /* Assets.xcassets */ = {isa = PBXFileReference; lastKnownFileType = folder.assetcatalog; path = Assets.xcassets; sourceTree = "<group>"; };
		518BCFC62474BC8D00860CEE /* Base */ = {isa = PBXFileReference; lastKnownFileType = file.storyboard; name = Base; path = Base.lproj/LaunchScreen.storyboard; sourceTree = "<group>"; };
		518BCFC82474BC8D00860CEE /* Info.plist */ = {isa = PBXFileReference; lastKnownFileType = text.plist.xml; path = Info.plist; sourceTree = "<group>"; };
		518BCFCF2474BEB900860CEE /* frame_25_delay-0.04s.gif */ = {isa = PBXFileReference; lastKnownFileType = image.gif; path = "frame_25_delay-0.04s.gif"; sourceTree = "<group>"; };
		518BCFD02474BEB900860CEE /* frame_26_delay-0.04s.gif */ = {isa = PBXFileReference; lastKnownFileType = image.gif; path = "frame_26_delay-0.04s.gif"; sourceTree = "<group>"; };
		518BCFD12474BEB900860CEE /* frame_40_delay-0.04s.gif */ = {isa = PBXFileReference; lastKnownFileType = image.gif; path = "frame_40_delay-0.04s.gif"; sourceTree = "<group>"; };
		518BCFD22474BEB900860CEE /* frame_41_delay-0.04s.gif */ = {isa = PBXFileReference; lastKnownFileType = image.gif; path = "frame_41_delay-0.04s.gif"; sourceTree = "<group>"; };
		518BCFD32474BEB900860CEE /* frame_35_delay-0.04s.gif */ = {isa = PBXFileReference; lastKnownFileType = image.gif; path = "frame_35_delay-0.04s.gif"; sourceTree = "<group>"; };
		518BCFD42474BEB900860CEE /* frame_02_delay-0.04s.gif */ = {isa = PBXFileReference; lastKnownFileType = image.gif; path = "frame_02_delay-0.04s.gif"; sourceTree = "<group>"; };
		518BCFD52474BEB900860CEE /* frame_04_delay-0.04s.gif */ = {isa = PBXFileReference; lastKnownFileType = image.gif; path = "frame_04_delay-0.04s.gif"; sourceTree = "<group>"; };
		518BCFD62474BEB900860CEE /* frame_29_delay-0.04s.gif */ = {isa = PBXFileReference; lastKnownFileType = image.gif; path = "frame_29_delay-0.04s.gif"; sourceTree = "<group>"; };
		518BCFD72474BEBA00860CEE /* frame_39_delay-0.04s.gif */ = {isa = PBXFileReference; lastKnownFileType = image.gif; path = "frame_39_delay-0.04s.gif"; sourceTree = "<group>"; };
		518BCFD82474BEBA00860CEE /* frame_05_delay-0.04s.gif */ = {isa = PBXFileReference; lastKnownFileType = image.gif; path = "frame_05_delay-0.04s.gif"; sourceTree = "<group>"; };
		518BCFD92474BEBA00860CEE /* frame_34_delay-0.04s.gif */ = {isa = PBXFileReference; lastKnownFileType = image.gif; path = "frame_34_delay-0.04s.gif"; sourceTree = "<group>"; };
		518BCFDA2474BEBA00860CEE /* frame_43_delay-0.04s.gif */ = {isa = PBXFileReference; lastKnownFileType = image.gif; path = "frame_43_delay-0.04s.gif"; sourceTree = "<group>"; };
		518BCFDB2474BEBA00860CEE /* frame_14_delay-0.04s.gif */ = {isa = PBXFileReference; lastKnownFileType = image.gif; path = "frame_14_delay-0.04s.gif"; sourceTree = "<group>"; };
		518BCFDC2474BEBA00860CEE /* frame_33_delay-0.04s.gif */ = {isa = PBXFileReference; lastKnownFileType = image.gif; path = "frame_33_delay-0.04s.gif"; sourceTree = "<group>"; };
		518BCFDD2474BEBA00860CEE /* frame_27_delay-0.04s.gif */ = {isa = PBXFileReference; lastKnownFileType = image.gif; path = "frame_27_delay-0.04s.gif"; sourceTree = "<group>"; };
		518BCFDE2474BEBA00860CEE /* frame_28_delay-0.04s.gif */ = {isa = PBXFileReference; lastKnownFileType = image.gif; path = "frame_28_delay-0.04s.gif"; sourceTree = "<group>"; };
		518BCFDF2474BEBA00860CEE /* frame_23_delay-0.04s.gif */ = {isa = PBXFileReference; lastKnownFileType = image.gif; path = "frame_23_delay-0.04s.gif"; sourceTree = "<group>"; };
		518BCFE02474BEBA00860CEE /* frame_31_delay-0.04s.gif */ = {isa = PBXFileReference; lastKnownFileType = image.gif; path = "frame_31_delay-0.04s.gif"; sourceTree = "<group>"; };
		518BCFE12474BEBA00860CEE /* frame_18_delay-0.04s.gif */ = {isa = PBXFileReference; lastKnownFileType = image.gif; path = "frame_18_delay-0.04s.gif"; sourceTree = "<group>"; };
		518BCFE22474BEBA00860CEE /* frame_24_delay-0.04s.gif */ = {isa = PBXFileReference; lastKnownFileType = image.gif; path = "frame_24_delay-0.04s.gif"; sourceTree = "<group>"; };
		518BCFE32474BEBA00860CEE /* frame_19_delay-0.04s.gif */ = {isa = PBXFileReference; lastKnownFileType = image.gif; path = "frame_19_delay-0.04s.gif"; sourceTree = "<group>"; };
		518BCFE42474BEBA00860CEE /* frame_06_delay-0.04s.gif */ = {isa = PBXFileReference; lastKnownFileType = image.gif; path = "frame_06_delay-0.04s.gif"; sourceTree = "<group>"; };
		518BCFE52474BEBB00860CEE /* frame_15_delay-0.04s.gif */ = {isa = PBXFileReference; lastKnownFileType = image.gif; path = "frame_15_delay-0.04s.gif"; sourceTree = "<group>"; };
		518BCFE62474BEBB00860CEE /* frame_37_delay-0.04s.gif */ = {isa = PBXFileReference; lastKnownFileType = image.gif; path = "frame_37_delay-0.04s.gif"; sourceTree = "<group>"; };
		518BCFE72474BEBB00860CEE /* frame_01_delay-0.04s.gif */ = {isa = PBXFileReference; lastKnownFileType = image.gif; path = "frame_01_delay-0.04s.gif"; sourceTree = "<group>"; };
		518BCFE82474BEBB00860CEE /* frame_38_delay-0.04s.gif */ = {isa = PBXFileReference; lastKnownFileType = image.gif; path = "frame_38_delay-0.04s.gif"; sourceTree = "<group>"; };
		518BCFE92474BEBB00860CEE /* frame_10_delay-0.04s.gif */ = {isa = PBXFileReference; lastKnownFileType = image.gif; path = "frame_10_delay-0.04s.gif"; sourceTree = "<group>"; };
		518BCFEA2474BEBB00860CEE /* frame_09_delay-0.04s.gif */ = {isa = PBXFileReference; lastKnownFileType = image.gif; path = "frame_09_delay-0.04s.gif"; sourceTree = "<group>"; };
		518BCFEB2474BEBB00860CEE /* frame_07_delay-0.04s.gif */ = {isa = PBXFileReference; lastKnownFileType = image.gif; path = "frame_07_delay-0.04s.gif"; sourceTree = "<group>"; };
		518BCFEC2474BEBB00860CEE /* frame_11_delay-0.04s.gif */ = {isa = PBXFileReference; lastKnownFileType = image.gif; path = "frame_11_delay-0.04s.gif"; sourceTree = "<group>"; };
		518BCFED2474BEBB00860CEE /* frame_17_delay-0.04s.gif */ = {isa = PBXFileReference; lastKnownFileType = image.gif; path = "frame_17_delay-0.04s.gif"; sourceTree = "<group>"; };
		518BCFEE2474BEBB00860CEE /* frame_12_delay-0.04s.gif */ = {isa = PBXFileReference; lastKnownFileType = image.gif; path = "frame_12_delay-0.04s.gif"; sourceTree = "<group>"; };
		518BCFEF2474BEBB00860CEE /* frame_00_delay-0.04s.gif */ = {isa = PBXFileReference; lastKnownFileType = image.gif; path = "frame_00_delay-0.04s.gif"; sourceTree = "<group>"; };
		518BCFF02474BEBB00860CEE /* frame_30_delay-0.04s.gif */ = {isa = PBXFileReference; lastKnownFileType = image.gif; path = "frame_30_delay-0.04s.gif"; sourceTree = "<group>"; };
		518BCFF12474BEBC00860CEE /* frame_36_delay-0.04s.gif */ = {isa = PBXFileReference; lastKnownFileType = image.gif; path = "frame_36_delay-0.04s.gif"; sourceTree = "<group>"; };
		518BCFF22474BEBC00860CEE /* frame_42_delay-0.04s.gif */ = {isa = PBXFileReference; lastKnownFileType = image.gif; path = "frame_42_delay-0.04s.gif"; sourceTree = "<group>"; };
		518BCFF32474BEBC00860CEE /* frame_16_delay-0.04s.gif */ = {isa = PBXFileReference; lastKnownFileType = image.gif; path = "frame_16_delay-0.04s.gif"; sourceTree = "<group>"; };
		518BCFF42474BEBC00860CEE /* frame_03_delay-0.04s.gif */ = {isa = PBXFileReference; lastKnownFileType = image.gif; path = "frame_03_delay-0.04s.gif"; sourceTree = "<group>"; };
		518BCFF52474BEBC00860CEE /* frame_08_delay-0.04s.gif */ = {isa = PBXFileReference; lastKnownFileType = image.gif; path = "frame_08_delay-0.04s.gif"; sourceTree = "<group>"; };
		518BCFF62474BEBC00860CEE /* frame_21_delay-0.04s.gif */ = {isa = PBXFileReference; lastKnownFileType = image.gif; path = "frame_21_delay-0.04s.gif"; sourceTree = "<group>"; };
		518BCFF72474BEBC00860CEE /* frame_22_delay-0.04s.gif */ = {isa = PBXFileReference; lastKnownFileType = image.gif; path = "frame_22_delay-0.04s.gif"; sourceTree = "<group>"; };
		518BCFF82474BEBC00860CEE /* frame_32_delay-0.04s.gif */ = {isa = PBXFileReference; lastKnownFileType = image.gif; path = "frame_32_delay-0.04s.gif"; sourceTree = "<group>"; };
		518BCFF92474BEBC00860CEE /* frame_13_delay-0.04s.gif */ = {isa = PBXFileReference; lastKnownFileType = image.gif; path = "frame_13_delay-0.04s.gif"; sourceTree = "<group>"; };
		518BCFFA2474BEBC00860CEE /* frame_20_delay-0.04s.gif */ = {isa = PBXFileReference; lastKnownFileType = image.gif; path = "frame_20_delay-0.04s.gif"; sourceTree = "<group>"; };
/* End PBXFileReference section */

/* Begin PBXFrameworksBuildPhase section */
		518BCFB42474BC8A00860CEE /* Frameworks */ = {
			isa = PBXFrameworksBuildPhase;
			buildActionMask = 2147483647;
			files = (
			);
			runOnlyForDeploymentPostprocessing = 0;
		};
/* End PBXFrameworksBuildPhase section */

/* Begin PBXGroup section */
		518BCFAE2474BC8A00860CEE = {
			isa = PBXGroup;
			children = (
				518BCFB92474BC8A00860CEE /* Animation */,
				518BCFB82474BC8A00860CEE /* Products */,
			);
			sourceTree = "<group>";
		};
		518BCFB82474BC8A00860CEE /* Products */ = {
			isa = PBXGroup;
			children = (
				518BCFB72474BC8A00860CEE /* Animation.app */,
			);
			name = Products;
			sourceTree = "<group>";
		};
		518BCFB92474BC8A00860CEE /* Animation */ = {
			isa = PBXGroup;
			children = (
				518BCFEF2474BEBB00860CEE /* frame_00_delay-0.04s.gif */,
				518BCFE72474BEBB00860CEE /* frame_01_delay-0.04s.gif */,
				518BCFD42474BEB900860CEE /* frame_02_delay-0.04s.gif */,
				518BCFF42474BEBC00860CEE /* frame_03_delay-0.04s.gif */,
				518BCFD52474BEB900860CEE /* frame_04_delay-0.04s.gif */,
				518BCFD82474BEBA00860CEE /* frame_05_delay-0.04s.gif */,
				518BCFE42474BEBA00860CEE /* frame_06_delay-0.04s.gif */,
				518BCFEB2474BEBB00860CEE /* frame_07_delay-0.04s.gif */,
				518BCFF52474BEBC00860CEE /* frame_08_delay-0.04s.gif */,
				518BCFEA2474BEBB00860CEE /* frame_09_delay-0.04s.gif */,
				518BCFE92474BEBB00860CEE /* frame_10_delay-0.04s.gif */,
				518BCFEC2474BEBB00860CEE /* frame_11_delay-0.04s.gif */,
				518BCFEE2474BEBB00860CEE /* frame_12_delay-0.04s.gif */,
				518BCFF92474BEBC00860CEE /* frame_13_delay-0.04s.gif */,
				518BCFDB2474BEBA00860CEE /* frame_14_delay-0.04s.gif */,
				518BCFE52474BEBB00860CEE /* frame_15_delay-0.04s.gif */,
				518BCFF32474BEBC00860CEE /* frame_16_delay-0.04s.gif */,
				518BCFED2474BEBB00860CEE /* frame_17_delay-0.04s.gif */,
				518BCFE12474BEBA00860CEE /* frame_18_delay-0.04s.gif */,
				518BCFE32474BEBA00860CEE /* frame_19_delay-0.04s.gif */,
				518BCFFA2474BEBC00860CEE /* frame_20_delay-0.04s.gif */,
				518BCFF62474BEBC00860CEE /* frame_21_delay-0.04s.gif */,
				518BCFF72474BEBC00860CEE /* frame_22_delay-0.04s.gif */,
				518BCFDF2474BEBA00860CEE /* frame_23_delay-0.04s.gif */,
				518BCFE22474BEBA00860CEE /* frame_24_delay-0.04s.gif */,
				518BCFCF2474BEB900860CEE /* frame_25_delay-0.04s.gif */,
				518BCFD02474BEB900860CEE /* frame_26_delay-0.04s.gif */,
				518BCFDD2474BEBA00860CEE /* frame_27_delay-0.04s.gif */,
				518BCFDE2474BEBA00860CEE /* frame_28_delay-0.04s.gif */,
				518BCFD62474BEB900860CEE /* frame_29_delay-0.04s.gif */,
				518BCFF02474BEBB00860CEE /* frame_30_delay-0.04s.gif */,
				518BCFE02474BEBA00860CEE /* frame_31_delay-0.04s.gif */,
				518BCFF82474BEBC00860CEE /* frame_32_delay-0.04s.gif */,
				518BCFDC2474BEBA00860CEE /* frame_33_delay-0.04s.gif */,
				518BCFD92474BEBA00860CEE /* frame_34_delay-0.04s.gif */,
				518BCFD32474BEB900860CEE /* frame_35_delay-0.04s.gif */,
				518BCFF12474BEBC00860CEE /* frame_36_delay-0.04s.gif */,
				518BCFE62474BEBB00860CEE /* frame_37_delay-0.04s.gif */,
				518BCFE82474BEBB00860CEE /* frame_38_delay-0.04s.gif */,
				518BCFD72474BEBA00860CEE /* frame_39_delay-0.04s.gif */,
				518BCFD12474BEB900860CEE /* frame_40_delay-0.04s.gif */,
				518BCFD22474BEB900860CEE /* frame_41_delay-0.04s.gif */,
				518BCFF22474BEBC00860CEE /* frame_42_delay-0.04s.gif */,
				518BCFDA2474BEBA00860CEE /* frame_43_delay-0.04s.gif */,
				518BD0272474CA9900860CEE /* image */,
				518BCFBA2474BC8A00860CEE /* AppDelegate.swift */,
				518BCFBC2474BC8A00860CEE /* SceneDelegate.swift */,
				518BCFBE2474BC8A00860CEE /* ViewController.swift */,
				518BCFC02474BC8A00860CEE /* Main.storyboard */,
				518BCFC32474BC8D00860CEE /* Assets.xcassets */,
				518BCFC52474BC8D00860CEE /* LaunchScreen.storyboard */,
				518BCFC82474BC8D00860CEE /* Info.plist */,
			);
			path = Animation;
			sourceTree = "<group>";
		};
		518BD0272474CA9900860CEE /* image */ = {
			isa = PBXGroup;
			children = (
			);
			path = image;
			sourceTree = "<group>";
		};
/* End PBXGroup section */

/* Begin PBXNativeTarget section */
		518BCFB62474BC8A00860CEE /* Animation */ = {
			isa = PBXNativeTarget;
			buildConfigurationList = 518BCFCB2474BC8D00860CEE /* Build configuration list for PBXNativeTarget "Animation" */;
			buildPhases = (
				518BCFB32474BC8A00860CEE /* Sources */,
				518BCFB42474BC8A00860CEE /* Frameworks */,
				518BCFB52474BC8A00860CEE /* Resources */,
			);
			buildRules = (
			);
			dependencies = (
			);
			name = Animation;
			productName = Animation;
			productReference = 518BCFB72474BC8A00860CEE /* Animation.app */;
			productType = "com.apple.product-type.application";
		};
/* End PBXNativeTarget section */

/* Begin PBXProject section */
		518BCFAF2474BC8A00860CEE /* Project object */ = {
			isa = PBXProject;
			attributes = {
				LastSwiftUpdateCheck = 1130;
				LastUpgradeCheck = 1130;
				ORGANIZATIONNAME = TrungLD;
				TargetAttributes = {
					518BCFB62474BC8A00860CEE = {
						CreatedOnToolsVersion = 11.3.1;
					};
				};
			};
			buildConfigurationList = 518BCFB22474BC8A00860CEE /* Build configuration list for PBXProject "Animation" */;
			compatibilityVersion = "Xcode 9.3";
			developmentRegion = en;
			hasScannedForEncodings = 0;
			knownRegions = (
				en,
				Base,
			);
			mainGroup = 518BCFAE2474BC8A00860CEE;
			productRefGroup = 518BCFB82474BC8A00860CEE /* Products */;
			projectDirPath = "";
			projectRoot = "";
			targets = (
				518BCFB62474BC8A00860CEE /* Animation */,
			);
		};
/* End PBXProject section */

/* Begin PBXResourcesBuildPhase section */
		518BCFB52474BC8A00860CEE /* Resources */ = {
			isa = PBXResourcesBuildPhase;
			buildActionMask = 2147483647;
			files = (
				518BD0122474BEBD00860CEE /* frame_37_delay-0.04s.gif in Resources */,
				518BD00F2474BEBD00860CEE /* frame_19_delay-0.04s.gif in Resources */,
				518BD0232474BEBD00860CEE /* frame_22_delay-0.04s.gif in Resources */,
				518BD0012474BEBD00860CEE /* frame_04_delay-0.04s.gif in Resources */,
				518BD0022474BEBD00860CEE /* frame_29_delay-0.04s.gif in Resources */,
				518BD01C2474BEBD00860CEE /* frame_30_delay-0.04s.gif in Resources */,
				518BCFC72474BC8D00860CEE /* LaunchScreen.storyboard in Resources */,
				518BD01A2474BEBD00860CEE /* frame_12_delay-0.04s.gif in Resources */,
				518BD01E2474BEBD00860CEE /* frame_42_delay-0.04s.gif in Resources */,
				518BD0222474BEBD00860CEE /* frame_21_delay-0.04s.gif in Resources */,
				518BD0042474BEBD00860CEE /* frame_05_delay-0.04s.gif in Resources */,
				518BCFFB2474BEBD00860CEE /* frame_25_delay-0.04s.gif in Resources */,
				518BD0152474BEBD00860CEE /* frame_10_delay-0.04s.gif in Resources */,
				518BD0142474BEBD00860CEE /* frame_38_delay-0.04s.gif in Resources */,
				518BD0112474BEBD00860CEE /* frame_15_delay-0.04s.gif in Resources */,
				518BD00A2474BEBD00860CEE /* frame_28_delay-0.04s.gif in Resources */,
				518BD01D2474BEBD00860CEE /* frame_36_delay-0.04s.gif in Resources */,
				518BCFFE2474BEBD00860CEE /* frame_41_delay-0.04s.gif in Resources */,
				518BD0062474BEBD00860CEE /* frame_43_delay-0.04s.gif in Resources */,
				518BCFC42474BC8D00860CEE /* Assets.xcassets in Resources */,
				518BD0202474BEBD00860CEE /* frame_03_delay-0.04s.gif in Resources */,
				518BD00C2474BEBD00860CEE /* frame_31_delay-0.04s.gif in Resources */,
				518BD0032474BEBD00860CEE /* frame_39_delay-0.04s.gif in Resources */,
				518BD0092474BEBD00860CEE /* frame_27_delay-0.04s.gif in Resources */,
				518BD0212474BEBD00860CEE /* frame_08_delay-0.04s.gif in Resources */,
				518BD01F2474BEBD00860CEE /* frame_16_delay-0.04s.gif in Resources */,
				518BD0102474BEBD00860CEE /* frame_06_delay-0.04s.gif in Resources */,
				518BD0082474BEBD00860CEE /* frame_33_delay-0.04s.gif in Resources */,
				518BD00D2474BEBD00860CEE /* frame_18_delay-0.04s.gif in Resources */,
				518BD0002474BEBD00860CEE /* frame_02_delay-0.04s.gif in Resources */,
				518BD0262474BEBD00860CEE /* frame_20_delay-0.04s.gif in Resources */,
				518BCFC22474BC8A00860CEE /* Main.storyboard in Resources */,
				518BD0242474BEBD00860CEE /* frame_32_delay-0.04s.gif in Resources */,
				518BD0072474BEBD00860CEE /* frame_14_delay-0.04s.gif in Resources */,
				518BD00B2474BEBD00860CEE /* frame_23_delay-0.04s.gif in Resources */,
				518BCFFD2474BEBD00860CEE /* frame_40_delay-0.04s.gif in Resources */,
				518BD0132474BEBD00860CEE /* frame_01_delay-0.04s.gif in Resources */,
				518BCFFF2474BEBD00860CEE /* frame_35_delay-0.04s.gif in Resources */,
				518BD0162474BEBD00860CEE /* frame_09_delay-0.04s.gif in Resources */,
				518BD0192474BEBD00860CEE /* frame_17_delay-0.04s.gif in Resources */,
				518BCFFC2474BEBD00860CEE /* frame_26_delay-0.04s.gif in Resources */,
				518BD0172474BEBD00860CEE /* frame_07_delay-0.04s.gif in Resources */,
				518BD0182474BEBD00860CEE /* frame_11_delay-0.04s.gif in Resources */,
				518BD0252474BEBD00860CEE /* frame_13_delay-0.04s.gif in Resources */,
				518BD0052474BEBD00860CEE /* frame_34_delay-0.04s.gif in Resources */,
				518BD01B2474BEBD00860CEE /* frame_00_delay-0.04s.gif in Resources */,
				518BD00E2474BEBD00860CEE /* frame_24_delay-0.04s.gif in Resources */,
			);
			runOnlyForDeploymentPostprocessing = 0;
		};
/* End PBXResourcesBuildPhase section */

/* Begin PBXSourcesBuildPhase section */
		518BCFB32474BC8A00860CEE /* Sources */ = {
			isa = PBXSourcesBuildPhase;
			buildActionMask = 2147483647;
			files = (
				518BCFBF2474BC8A00860CEE /* ViewController.swift in Sources */,
				518BCFBB2474BC8A00860CEE /* AppDelegate.swift in Sources */,
				518BCFBD2474BC8A00860CEE /* SceneDelegate.swift in Sources */,
			);
			runOnlyForDeploymentPostprocessing = 0;
		};
/* End PBXSourcesBuildPhase section */

/* Begin PBXVariantGroup section */
		518BCFC02474BC8A00860CEE /* Main.storyboard */ = {
			isa = PBXVariantGroup;
			children = (
				518BCFC12474BC8A00860CEE /* Base */,
			);
			name = Main.storyboard;
			sourceTree = "<group>";
		};
		518BCFC52474BC8D00860CEE /* LaunchScreen.storyboard */ = {
			isa = PBXVariantGroup;
			children = (
				518BCFC62474BC8D00860CEE /* Base */,
			);
			name = LaunchScreen.storyboard;
			sourceTree = "<group>";
		};
/* End PBXVariantGroup section */

/* Begin XCBuildConfiguration section */
		518BCFC92474BC8D00860CEE /* Debug */ = {
			isa = XCBuildConfiguration;
			buildSettings = {
				ALWAYS_SEARCH_USER_PATHS = NO;
				CLANG_ANALYZER_NONNULL = YES;
				CLANG_ANALYZER_NUMBER_OBJECT_CONVERSION = YES_AGGRESSIVE;
				CLANG_CXX_LANGUAGE_STANDARD = "gnu++14";
				CLANG_CXX_LIBRARY = "libc++";
				CLANG_ENABLE_MODULES = YES;
				CLANG_ENABLE_OBJC_ARC = YES;
				CLANG_ENABLE_OBJC_WEAK = YES;
				CLANG_WARN_BLOCK_CAPTURE_AUTORELEASING = YES;
				CLANG_WARN_BOOL_CONVERSION = YES;
				CLANG_WARN_COMMA = YES;
				CLANG_WARN_CONSTANT_CONVERSION = YES;
				CLANG_WARN_DEPRECATED_OBJC_IMPLEMENTATIONS = YES;
				CLANG_WARN_DIRECT_OBJC_ISA_USAGE = YES_ERROR;
				CLANG_WARN_DOCUMENTATION_COMMENTS = YES;
				CLANG_WARN_EMPTY_BODY = YES;
				CLANG_WARN_ENUM_CONVERSION = YES;
				CLANG_WARN_INFINITE_RECURSION = YES;
				CLANG_WARN_INT_CONVERSION = YES;
				CLANG_WARN_NON_LITERAL_NULL_CONVERSION = YES;
				CLANG_WARN_OBJC_IMPLICIT_RETAIN_SELF = YES;
				CLANG_WARN_OBJC_LITERAL_CONVERSION = YES;
				CLANG_WARN_OBJC_ROOT_CLASS = YES_ERROR;
				CLANG_WARN_RANGE_LOOP_ANALYSIS = YES;
				CLANG_WARN_STRICT_PROTOTYPES = YES;
				CLANG_WARN_SUSPICIOUS_MOVE = YES;
				CLANG_WARN_UNGUARDED_AVAILABILITY = YES_AGGRESSIVE;
				CLANG_WARN_UNREACHABLE_CODE = YES;
				CLANG_WARN__DUPLICATE_METHOD_MATCH = YES;
				COPY_PHASE_STRIP = NO;
				DEBUG_INFORMATION_FORMAT = dwarf;
				ENABLE_STRICT_OBJC_MSGSEND = YES;
				ENABLE_TESTABILITY = YES;
				GCC_C_LANGUAGE_STANDARD = gnu11;
				GCC_DYNAMIC_NO_PIC = NO;
				GCC_NO_COMMON_BLOCKS = YES;
				GCC_OPTIMIZATION_LEVEL = 0;
				GCC_PREPROCESSOR_DEFINITIONS = (
					"DEBUG=1",
					"$(inherited)",
				);
				GCC_WARN_64_TO_32_BIT_CONVERSION = YES;
				GCC_WARN_ABOUT_RETURN_TYPE = YES_ERROR;
				GCC_WARN_UNDECLARED_SELECTOR = YES;
				GCC_WARN_UNINITIALIZED_AUTOS = YES_AGGRESSIVE;
				GCC_WARN_UNUSED_FUNCTION = YES;
				GCC_WARN_UNUSED_VARIABLE = YES;
				IPHONEOS_DEPLOYMENT_TARGET = 13.2;
				MTL_ENABLE_DEBUG_INFO = INCLUDE_SOURCE;
				MTL_FAST_MATH = YES;
				ONLY_ACTIVE_ARCH = YES;
				SDKROOT = iphoneos;
				SWIFT_ACTIVE_COMPILATION_CONDITIONS = DEBUG;
				SWIFT_OPTIMIZATION_LEVEL = "-Onone";
			};
			name = Debug;
		};
		518BCFCA2474BC8D00860CEE /* Release */ = {
			isa = XCBuildConfiguration;
			buildSettings = {
				ALWAYS_SEARCH_USER_PATHS = NO;
				CLANG_ANALYZER_NONNULL = YES;
				CLANG_ANALYZER_NUMBER_OBJECT_CONVERSION = YES_AGGRESSIVE;
				CLANG_CXX_LANGUAGE_STANDARD = "gnu++14";
				CLANG_CXX_LIBRARY = "libc++";
				CLANG_ENABLE_MODULES = YES;
				CLANG_ENABLE_OBJC_ARC = YES;
				CLANG_ENABLE_OBJC_WEAK = YES;
				CLANG_WARN_BLOCK_CAPTURE_AUTORELEASING = YES;
				CLANG_WARN_BOOL_CONVERSION = YES;
				CLANG_WARN_COMMA = YES;
				CLANG_WARN_CONSTANT_CONVERSION = YES;
				CLANG_WARN_DEPRECATED_OBJC_IMPLEMENTATIONS = YES;
				CLANG_WARN_DIRECT_OBJC_ISA_USAGE = YES_ERROR;
				CLANG_WARN_DOCUMENTATION_COMMENTS = YES;
				CLANG_WARN_EMPTY_BODY = YES;
				CLANG_WARN_ENUM_CONVERSION = YES;
				CLANG_WARN_INFINITE_RECURSION = YES;
				CLANG_WARN_INT_CONVERSION = YES;
				CLANG_WARN_NON_LITERAL_NULL_CONVERSION = YES;
				CLANG_WARN_OBJC_IMPLICIT_RETAIN_SELF = YES;
				CLANG_WARN_OBJC_LITERAL_CONVERSION = YES;
				CLANG_WARN_OBJC_ROOT_CLASS = YES_ERROR;
				CLANG_WARN_RANGE_LOOP_ANALYSIS = YES;
				CLANG_WARN_STRICT_PROTOTYPES = YES;
				CLANG_WARN_SUSPICIOUS_MOVE = YES;
				CLANG_WARN_UNGUARDED_AVAILABILITY = YES_AGGRESSIVE;
				CLANG_WARN_UNREACHABLE_CODE = YES;
				CLANG_WARN__DUPLICATE_METHOD_MATCH = YES;
				COPY_PHASE_STRIP = NO;
				DEBUG_INFORMATION_FORMAT = "dwarf-with-dsym";
				ENABLE_NS_ASSERTIONS = NO;
				ENABLE_STRICT_OBJC_MSGSEND = YES;
				GCC_C_LANGUAGE_STANDARD = gnu11;
				GCC_NO_COMMON_BLOCKS = YES;
				GCC_WARN_64_TO_32_BIT_CONVERSION = YES;
				GCC_WARN_ABOUT_RETURN_TYPE = YES_ERROR;
				GCC_WARN_UNDECLARED_SELECTOR = YES;
				GCC_WARN_UNINITIALIZED_AUTOS = YES_AGGRESSIVE;
				GCC_WARN_UNUSED_FUNCTION = YES;
				GCC_WARN_UNUSED_VARIABLE = YES;
				IPHONEOS_DEPLOYMENT_TARGET = 13.2;
				MTL_ENABLE_DEBUG_INFO = NO;
				MTL_FAST_MATH = YES;
				SDKROOT = iphoneos;
				SWIFT_COMPILATION_MODE = wholemodule;
				SWIFT_OPTIMIZATION_LEVEL = "-O";
				VALIDATE_PRODUCT = YES;
			};
			name = Release;
		};
		518BCFCC2474BC8D00860CEE /* Debug */ = {
			isa = XCBuildConfiguration;
			buildSettings = {
				ASSETCATALOG_COMPILER_APPICON_NAME = AppIcon;
				CODE_SIGN_STYLE = Automatic;
				DEVELOPMENT_TEAM = 7QAVMNKXN5;
				INFOPLIST_FILE = Animation/Info.plist;
				LD_RUNPATH_SEARCH_PATHS = (
					"$(inherited)",
					"@executable_path/Frameworks",
				);
				PRODUCT_BUNDLE_IDENTIFIER = trungLD.Animation;
				PRODUCT_NAME = "$(TARGET_NAME)";
				SWIFT_VERSION = 5.0;
				TARGETED_DEVICE_FAMILY = "1,2";
			};
			name = Debug;
		};
		518BCFCD2474BC8D00860CEE /* Release */ = {
			isa = XCBuildConfiguration;
			buildSettings = {
				ASSETCATALOG_COMPILER_APPICON_NAME = AppIcon;
				CODE_SIGN_STYLE = Automatic;
				DEVELOPMENT_TEAM = 7QAVMNKXN5;
				INFOPLIST_FILE = Animation/Info.plist;
				LD_RUNPATH_SEARCH_PATHS = (
					"$(inherited)",
					"@executable_path/Frameworks",
				);
				PRODUCT_BUNDLE_IDENTIFIER = trungLD.Animation;
				PRODUCT_NAME = "$(TARGET_NAME)";
				SWIFT_VERSION = 5.0;
				TARGETED_DEVICE_FAMILY = "1,2";
			};
			name = Release;
		};
/* End XCBuildConfiguration section */

/* Begin XCConfigurationList section */
		518BCFB22474BC8A00860CEE /* Build configuration list for PBXProject "Animation" */ = {
			isa = XCConfigurationList;
			buildConfigurations = (
				518BCFC92474BC8D00860CEE /* Debug */,
				518BCFCA2474BC8D00860CEE /* Release */,
			);
			defaultConfigurationIsVisible = 0;
			defaultConfigurationName = Release;
		};
		518BCFCB2474BC8D00860CEE /* Build configuration list for PBXNativeTarget "Animation" */ = {
			isa = XCConfigurationList;
			buildConfigurations = (
				518BCFCC2474BC8D00860CEE /* Debug */,
				518BCFCD2474BC8D00860CEE /* Release */,
			);
			defaultConfigurationIsVisible = 0;
			defaultConfigurationName = Release;
		};
/* End XCConfigurationList section */
	};
	rootObject = 518BCFAF2474BC8A00860CEE /* Project object */;
}
